// !$*UTF8*$!
{
	archiveVersion = 1;
	classes = {
	};
	objectVersion = 46;
	objects = {

/* Begin PBXBuildFile section */
		9C9FDBC51D18D76600789445 /* main.m in Sources */ = {isa = PBXBuildFile; fileRef = 9C9FDBC41D18D76600789445 /* main.m */; };
		9C9FDBC81D18D76600789445 /* AppDelegate.m in Sources */ = {isa = PBXBuildFile; fileRef = 9C9FDBC71D18D76600789445 /* AppDelegate.m */; };
		9C9FDBD01D18D76600789445 /* Assets.xcassets in Resources */ = {isa = PBXBuildFile; fileRef = 9C9FDBCF1D18D76600789445 /* Assets.xcassets */; };
		9C9FDBDC1D18DA3600789445 /* TestNavigationController.m in Sources */ = {isa = PBXBuildFile; fileRef = 9C9FDBDB1D18DA3600789445 /* TestNavigationController.m */; };
		9C9FDBDF1D18DA5B00789445 /* TestViewController.m in Sources */ = {isa = PBXBuildFile; fileRef = 9C9FDBDE1D18DA5B00789445 /* TestViewController.m */; };
		9C9FDBE31D18DC6000789445 /* TestViewController2.m in Sources */ = {isa = PBXBuildFile; fileRef = 9C9FDBE21D18DC6000789445 /* TestViewController2.m */; };
		9C9FDBE71D18DDD600789445 /* TestViewControllerBase.m in Sources */ = {isa = PBXBuildFile; fileRef = 9C9FDBE61D18DDD600789445 /* TestViewControllerBase.m */; };
		9CCBCEF71D1BCA43002FEE86 /* TestViewController1.m in Sources */ = {isa = PBXBuildFile; fileRef = 9CCBCEF61D1BCA43002FEE86 /* TestViewController1.m */; };
		9CCBCEFB1D1BEE30002FEE86 /* TestViewController3.m in Sources */ = {isa = PBXBuildFile; fileRef = 9CCBCEFA1D1BEE30002FEE86 /* TestViewController3.m */; };
/* End PBXBuildFile section */

/* Begin PBXFileReference section */
		9C9FDBC01D18D76600789445 /* TestNavigationController.app */ = {isa = PBXFileReference; explicitFileType = wrapper.application; includeInIndex = 0; path = TestNavigationController.app; sourceTree = BUILT_PRODUCTS_DIR; };
		9C9FDBC41D18D76600789445 /* main.m */ = {isa = PBXFileReference; lastKnownFileType = sourcecode.c.objc; path = main.m; sourceTree = "<group>"; };
		9C9FDBC61D18D76600789445 /* AppDelegate.h */ = {isa = PBXFileReference; lastKnownFileType = sourcecode.c.h; path = AppDelegate.h; sourceTree = "<group>"; };
		9C9FDBC71D18D76600789445 /* AppDelegate.m */ = {isa = PBXFileReference; lastKnownFileType = sourcecode.c.objc; path = AppDelegate.m; sourceTree = "<group>"; };
		9C9FDBCF1D18D76600789445 /* Assets.xcassets */ = {isa = PBXFileReference; lastKnownFileType = folder.assetcatalog; path = Assets.xcassets; sourceTree = "<group>"; };
		9C9FDBD41D18D76600789445 /* Info.plist */ = {isa = PBXFileReference; lastKnownFileType = text.plist.xml; path = Info.plist; sourceTree = "<group>"; };
		9C9FDBDA1D18DA3600789445 /* TestNavigationController.h */ = {isa = PBXFileReference; fileEncoding = 4; lastKnownFileType = sourcecode.c.h; path = TestNavigationController.h; sourceTree = "<group>"; };
		9C9FDBDB1D18DA3600789445 /* TestNavigationController.m */ = {isa = PBXFileReference; fileEncoding = 4; lastKnownFileType = sourcecode.c.objc; path = TestNavigationController.m; sourceTree = "<group>"; };
		9C9FDBDD1D18DA5B00789445 /* TestViewController.h */ = {isa = PBXFileReference; fileEncoding = 4; lastKnownFileType = sourcecode.c.h; path = TestViewController.h; sourceTree = "<group>"; };
		9C9FDBDE1D18DA5B00789445 /* TestViewController.m */ = {isa = PBXFileReference; fileEncoding = 4; lastKnownFileType = sourcecode.c.objc; path = TestViewController.m; sourceTree = "<group>"; };
		9C9FDBE11D18DC6000789445 /* TestViewController2.h */ = {isa = PBXFileReference; fileEncoding = 4; lastKnownFileType = sourcecode.c.h; path = TestViewController2.h; sourceTree = "<group>"; };
		9C9FDBE21D18DC6000789445 /* TestViewController2.m */ = {isa = PBXFileReference; fileEncoding = 4; lastKnownFileType = sourcecode.c.objc; path = TestViewController2.m; sourceTree = "<group>"; };
		9C9FDBE51D18DDD600789445 /* TestViewControllerBase.h */ = {isa = PBXFileReference; fileEncoding = 4; lastKnownFileType = sourcecode.c.h; path = TestViewControllerBase.h; sourceTree = "<group>"; };
		9C9FDBE61D18DDD600789445 /* TestViewControllerBase.m */ = {isa = PBXFileReference; fileEncoding = 4; lastKnownFileType = sourcecode.c.objc; path = TestViewControllerBase.m; sourceTree = "<group>"; };
		9CCBCEF51D1BCA43002FEE86 /* TestViewController1.h */ = {isa = PBXFileReference; fileEncoding = 4; lastKnownFileType = sourcecode.c.h; path = TestViewController1.h; sourceTree = "<group>"; };
		9CCBCEF61D1BCA43002FEE86 /* TestViewController1.m */ = {isa = PBXFileReference; fileEncoding = 4; lastKnownFileType = sourcecode.c.objc; path = TestViewController1.m; sourceTree = "<group>"; };
		9CCBCEF91D1BEE30002FEE86 /* TestViewController3.h */ = {isa = PBXFileReference; fileEncoding = 4; lastKnownFileType = sourcecode.c.h; path = TestViewController3.h; sourceTree = "<group>"; };
		9CCBCEFA1D1BEE30002FEE86 /* TestViewController3.m */ = {isa = PBXFileReference; fileEncoding = 4; lastKnownFileType = sourcecode.c.objc; path = TestViewController3.m; sourceTree = "<group>"; };
/* End PBXFileReference section */

/* Begin PBXFrameworksBuildPhase section */
		9C9FDBBD1D18D76600789445 /* Frameworks */ = {
			isa = PBXFrameworksBuildPhase;
			buildActionMask = 2147483647;
			files = (
			);
			runOnlyForDeploymentPostprocessing = 0;
		};
/* End PBXFrameworksBuildPhase section */

/* Begin PBXGroup section */
		9C9FDBB71D18D76600789445 = {
			isa = PBXGroup;
			children = (
				9C9FDBC21D18D76600789445 /* TestNavigationController */,
				9C9FDBC11D18D76600789445 /* Products */,
			);
			sourceTree = "<group>";
		};
		9C9FDBC11D18D76600789445 /* Products */ = {
			isa = PBXGroup;
			children = (
				9C9FDBC01D18D76600789445 /* TestNavigationController.app */,
			);
			name = Products;
			sourceTree = "<group>";
		};
		9C9FDBC21D18D76600789445 /* TestNavigationController */ = {
			isa = PBXGroup;
			children = (
				9C9FDBC61D18D76600789445 /* AppDelegate.h */,
				9C9FDBC71D18D76600789445 /* AppDelegate.m */,
				9C9FDBDA1D18DA3600789445 /* TestNavigationController.h */,
				9C9FDBDB1D18DA3600789445 /* TestNavigationController.m */,
				9C9FDBE51D18DDD600789445 /* TestViewControllerBase.h */,
				9C9FDBE61D18DDD600789445 /* TestViewControllerBase.m */,
				9C9FDBDD1D18DA5B00789445 /* TestViewController.h */,
				9C9FDBDE1D18DA5B00789445 /* TestViewController.m */,
				9CCBCEF51D1BCA43002FEE86 /* TestViewController1.h */,
				9CCBCEF61D1BCA43002FEE86 /* TestViewController1.m */,
				9C9FDBE11D18DC6000789445 /* TestViewController2.h */,
				9C9FDBE21D18DC6000789445 /* TestViewController2.m */,
				9CCBCEF91D1BEE30002FEE86 /* TestViewController3.h */,
				9CCBCEFA1D1BEE30002FEE86 /* TestViewController3.m */,
				9C9FDBCF1D18D76600789445 /* Assets.xcassets */,
				9C9FDBD41D18D76600789445 /* Info.plist */,
				9C9FDBC31D18D76600789445 /* Supporting Files */,
			);
			path = TestNavigationController;
			sourceTree = "<group>";
		};
		9C9FDBC31D18D76600789445 /* Supporting Files */ = {
			isa = PBXGroup;
			children = (
				9C9FDBC41D18D76600789445 /* main.m */,
			);
			name = "Supporting Files";
			sourceTree = "<group>";
		};
/* End PBXGroup section */

/* Begin PBXNativeTarget section */
		9C9FDBBF1D18D76600789445 /* TestNavigationController */ = {
			isa = PBXNativeTarget;
			buildConfigurationList = 9C9FDBD71D18D76600789445 /* Build configuration list for PBXNativeTarget "TestNavigationController" */;
			buildPhases = (
				9C9FDBBC1D18D76600789445 /* Sources */,
				9C9FDBBD1D18D76600789445 /* Frameworks */,
				9C9FDBBE1D18D76600789445 /* Resources */,
			);
			buildRules = (
			);
			dependencies = (
			);
			name = TestNavigationController;
			productName = TestNavigationController;
			productReference = 9C9FDBC01D18D76600789445 /* TestNavigationController.app */;
			productType = "com.apple.product-type.application";
		};
/* End PBXNativeTarget section */

/* Begin PBXProject section */
		9C9FDBB81D18D76600789445 /* Project object */ = {
			isa = PBXProject;
			attributes = {
				LastUpgradeCheck = 0730;
				ORGANIZATIONNAME = winchannel;
				TargetAttributes = {
					9C9FDBBF1D18D76600789445 = {
						CreatedOnToolsVersion = 7.3.1;
					};
				};
			};
			buildConfigurationList = 9C9FDBBB1D18D76600789445 /* Build configuration list for PBXProject "TestNavigationController" */;
			compatibilityVersion = "Xcode 3.2";
			developmentRegion = English;
			hasScannedForEncodings = 0;
			knownRegions = (
				en,
				Base,
			);
			mainGroup = 9C9FDBB71D18D76600789445;
			productRefGroup = 9C9FDBC11D18D76600789445 /* Products */;
			projectDirPath = "";
			projectRoot = "";
			targets = (
				9C9FDBBF1D18D76600789445 /* TestNavigationController */,
			);
		};
/* End PBXProject section */

/* Begin PBXResourcesBuildPhase section */
		9C9FDBBE1D18D76600789445 /* Resources */ = {
			isa = PBXResourcesBuildPhase;
			buildActionMask = 2147483647;
			files = (
				9C9FDBD01D18D76600789445 /* Assets.xcassets in Resources */,
			);
			runOnlyForDeploymentPostprocessing = 0;
		};
/* End PBXResourcesBuildPhase section */

/* Begin PBXSourcesBuildPhase section */
		9C9FDBBC1D18D76600789445 /* Sources */ = {
			isa = PBXSourcesBuildPhase;
			buildActionMask = 2147483647;
			files = (
				9C9FDBDC1D18DA3600789445 /* TestNavigationController.m in Sources */,
				9C9FDBE31D18DC6000789445 /* TestViewController2.m in Sources */,
				9CCBCEFB1D1BEE30002FEE86 /* TestViewController3.m in Sources */,
				9C9FDBC81D18D76600789445 /* AppDelegate.m in Sources */,
				9C9FDBE71D18DDD600789445 /* TestViewControllerBase.m in Sources */,
				9C9FDBDF1D18DA5B00789445 /* TestViewController.m in Sources */,
				9CCBCEF71D1BCA43002FEE86 /* TestViewController1.m in Sources */,
				9C9FDBC51D18D76600789445 /* main.m in Sources */,
			);
			runOnlyForDeploymentPostprocessing = 0;
		};
/* End PBXSourcesBuildPhase section */

/* Begin XCBuildConfiguration section */
		9C9FDBD51D18D76600789445 /* Debug */ = {
			isa = XCBuildConfiguration;
			buildSettings = {
				ALWAYS_SEARCH_USER_PATHS = NO;
				CLANG_ANALYZER_NONNULL = YES;
				CLANG_CXX_LANGUAGE_STANDARD = "gnu++0x";
				CLANG_CXX_LIBRARY = "libc++";
				CLANG_ENABLE_MODULES = YES;
				CLANG_ENABLE_OBJC_ARC = YES;
				CLANG_WARN_BOOL_CONVERSION = YES;
				CLANG_WARN_CONSTANT_CONVERSION = YES;
				CLANG_WARN_DIRECT_OBJC_ISA_USAGE = YES_ERROR;
				CLANG_WARN_EMPTY_BODY = YES;
				CLANG_WARN_ENUM_CONVERSION = YES;
				CLANG_WARN_INT_CONVERSION = YES;
				CLANG_WARN_OBJC_ROOT_CLASS = YES_ERROR;
				CLANG_WARN_UNREACHABLE_CODE = YES;
				CLANG_WARN__DUPLICATE_METHOD_MATCH = YES;
				"CODE_SIGN_IDENTITY[sdk=iphoneos*]" = "iPhone Developer";
				COPY_PHASE_STRIP = NO;
				DEBUG_INFORMATION_FORMAT = dwarf;
				ENABLE_STRICT_OBJC_MSGSEND = YES;
				ENABLE_TESTABILITY = YES;
				GCC_C_LANGUAGE_STANDARD = gnu99;
				GCC_DYNAMIC_NO_PIC = NO;
				GCC_NO_COMMON_BLOCKS = YES;
				GCC_OPTIMIZATION_LEVEL = 0;
				GCC_PREPROCESSOR_DEFINITIONS = (
					"DEBUG=1",
					"$(inherited)",
				);
				GCC_WARN_64_TO_32_BIT_CONVERSION = YES;
				GCC_WARN_ABOUT_RETURN_TYPE = YES_ERROR;
				GCC_WARN_UNDECLARED_SELECTOR = YES;
				GCC_WARN_UNINITIALIZED_AUTOS = YES_AGGRESSIVE;
				GCC_WARN_UNUSED_FUNCTION = YES;
				GCC_WARN_UNUSED_VARIABLE = YES;
				IPHONEOS_DEPLOYMENT_TARGET = 9.3;
				MTL_ENABLE_DEBUG_INFO = YES;
				ONLY_ACTIVE_ARCH = YES;
				SDKROOT = iphoneos;
			};
			name = Debug;
		};
		9C9FDBD61D18D76600789445 /* Release */ = {
			isa = XCBuildConfiguration;
			buildSettings = {
				ALWAYS_SEARCH_USER_PATHS = NO;
				CLANG_ANALYZER_NONNULL = YES;
				CLANG_CXX_LANGUAGE_STANDARD = "gnu++0x";
				CLANG_CXX_LIBRARY = "libc++";
				CLANG_ENABLE_MODULES = YES;
				CLANG_ENABLE_OBJC_ARC = YES;
				CLANG_WARN_BOOL_CONVERSION = YES;
				CLANG_WARN_CONSTANT_CONVERSION = YES;
				CLANG_WARN_DIRECT_OBJC_ISA_USAGE = YES_ERROR;
				CLANG_WARN_EMPTY_BODY = YES;
				CLANG_WARN_ENUM_CONVERSION = YES;
				CLANG_WARN_INT_CONVERSION = YES;
				CLANG_WARN_OBJC_ROOT_CLASS = YES_ERROR;
				CLANG_WARN_UNREACHABLE_CODE = YES;
				CLANG_WARN__DUPLICATE_METHOD_MATCH = YES;
				"CODE_SIGN_IDENTITY[sdk=iphoneos*]" = "iPhone Developer";
				COPY_PHASE_STRIP = NO;
				DEBUG_INFORMATION_FORMAT = "dwarf-with-dsym";
				ENABLE_NS_ASSERTIONS = NO;
				ENABLE_STRICT_OBJC_MSGSEND = YES;
				GCC_C_LANGUAGE_STANDARD = gnu99;
				GCC_NO_COMMON_BLOCKS = YES;
				GCC_WARN_64_TO_32_BIT_CONVERSION = YES;
				GCC_WARN_ABOUT_RETURN_TYPE = YES_ERROR;
				GCC_WARN_UNDECLARED_SELECTOR = YES;
				GCC_WARN_UNINITIALIZED_AUTOS = YES_AGGRESSIVE;
				GCC_WARN_UNUSED_FUNCTION = YES;
				GCC_WARN_UNUSED_VARIABLE = YES;
				IPHONEOS_DEPLOYMENT_TARGET = 9.3;
				MTL_ENABLE_DEBUG_INFO = NO;
				SDKROOT = iphoneos;
				VALIDATE_PRODUCT = YES;
			};
			name = Release;
		};
		9C9FDBD81D18D76600789445 /* Debug */ = {
			isa = XCBuildConfiguration;
			buildSettings = {
				ASSETCATALOG_COMPILER_APPICON_NAME = AppIcon;
				INFOPLIST_FILE = TestNavigationController/Info.plist;
				LD_RUNPATH_SEARCH_PATHS = "$(inherited) @executable_path/Frameworks";
				PRODUCT_BUNDLE_IDENTIFIER = net.winchannel.wincrm.TestNavigationController;
				PRODUCT_NAME = "$(TARGET_NAME)";
			};
			name = Debug;
		};
		9C9FDBD91D18D76600789445 /* Release */ = {
			isa = XCBuildConfiguration;
			buildSettings = {
				ASSETCATALOG_COMPILER_APPICON_NAME = AppIcon;
				INFOPLIST_FILE = TestNavigationController/Info.plist;
				LD_RUNPATH_SEARCH_PATHS = "$(inherited) @executable_path/Frameworks";
				PRODUCT_BUNDLE_IDENTIFIER = net.winchannel.wincrm.TestNavigationController;
				PRODUCT_NAME = "$(TARGET_NAME)";
			};
			name = Release;
		};
/* End XCBuildConfiguration section */

/* Begin XCConfigurationList section */
		9C9FDBBB1D18D76600789445 /* Build configuration list for PBXProject "TestNavigationController" */ = {
			isa = XCConfigurationList;
			buildConfigurations = (
				9C9FDBD51D18D76600789445 /* Debug */,
				9C9FDBD61D18D76600789445 /* Release */,
			);
			defaultConfigurationIsVisible = 0;
			defaultConfigurationName = Release;
		};
		9C9FDBD71D18D76600789445 /* Build configuration list for PBXNativeTarget "TestNavigationController" */ = {
			isa = XCConfigurationList;
			buildConfigurations = (
				9C9FDBD81D18D76600789445 /* Debug */,
				9C9FDBD91D18D76600789445 /* Release */,
			);
			defaultConfigurationIsVisible = 0;
			defaultConfigurationName = Release;
		};
/* End XCConfigurationList section */
	};
	rootObject = 9C9FDBB81D18D76600789445 /* Project object */;
}
